
Microsoft Visual Studio Solution File, Format Version 12.00
Project("{2150E333-8FDC-42A3-9474-1A3956D46DE8}") = "Shared", "Shared", "{4CBF0E2B-E7B7-4575-AA68-515634F2B362}"
	ProjectSection(SolutionItems) = preProject
		.editorconfig = .editorconfig
		README.md = README.md
		stylecop.json = stylecop.json
		StyleCop.Ruleset = StyleCop.Ruleset
	EndProjectSection
EndProject
Project("{2150E333-8FDC-42A3-9474-1A3956D46DE8}") = "src", "src", "{BD6D2551-D855-4994-8482-6D81D33B1B16}"
EndProject
Project("{2150E333-8FDC-42A3-9474-1A3956D46DE8}") = "Presentation", "Presentation", "{DAA3291E-55FE-45FA-A3D5-664E3DED6FE1}"
EndProject
Project("{2150E333-8FDC-42A3-9474-1A3956D46DE8}") = "Extension", "Extension", "{0E17472A-5F0F-41DB-AC98-E9AF0FFD7790}"
EndProject
Project("{2150E333-8FDC-42A3-9474-1A3956D46DE8}") = "Utilities", "Utilities", "{DC2E7930-5C93-493E-B42E-4F1FFCE4EEDB}"
EndProject
Project("{2150E333-8FDC-42A3-9474-1A3956D46DE8}") = "Domain", "Domain", "{F09E8636-B47A-482D-8785-408AAA0F5B8C}"
EndProject
Project("{2150E333-8FDC-42A3-9474-1A3956D46DE8}") = "Auth", "Auth", "{44A1767A-D88D-4AD5-AE4C-AECC817FC8A1}"
EndProject
Project("{FAE04EC0-301F-11D3-BF4B-00C04F79EFBC}") = "Garuda.Extension", "src\Extension\Garuda.Extension\Garuda.Extension.csproj", "{C4473B69-224C-4D54-8C5B-47B941E66582}"
EndProject
Project("{FAE04EC0-301F-11D3-BF4B-00C04F79EFBC}") = "Garuda.Utilities", "src\Utilities\Garuda.Utilities\Garuda.Utilities.csproj", "{C83CFF70-95DD-4D2F-BB7C-33D2BEE3886F}"
EndProject
Project("{FAE04EC0-301F-11D3-BF4B-00C04F79EFBC}") = "Garuda.Host", "src\Host\Garuda.Host.csproj", "{AFFF0211-7962-4F4F-A9B1-F53D2CD36B02}"
EndProject
Project("{2150E333-8FDC-42A3-9474-1A3956D46DE8}") = "Core", "Core", "{47BAACD6-726A-40F0-AB3F-0E7CF9B25F83}"
EndProject
Project("{2150E333-8FDC-42A3-9474-1A3956D46DE8}") = "Application", "Application", "{9DC6C38D-8380-4BE7-A03C-F264273C6D8C}"
EndProject
Project("{2150E333-8FDC-42A3-9474-1A3956D46DE8}") = "Persistences", "Persistences", "{FA95279F-8669-4561-A525-A3B39C6BA4DF}"
EndProject
Project("{2150E333-8FDC-42A3-9474-1A3956D46DE8}") = "Repositories", "Repositories", "{AF5693B3-0089-44AF-A347-7663464ED24B}"
EndProject
Project("{2150E333-8FDC-42A3-9474-1A3956D46DE8}") = "Providers", "Providers", "{EE6B6F66-EB57-4051-82BA-0185245276C5}"
EndProject
Project("{2150E333-8FDC-42A3-9474-1A3956D46DE8}") = "FileStorages", "FileStorages", "{0FFA2490-95F4-42C2-927F-A45A819D2718}"
EndProject
Project("{2150E333-8FDC-42A3-9474-1A3956D46DE8}") = "Mails", "Mails", "{232842EC-FABB-4E1B-8949-3C46C964408E}"
EndProject
Project("{FAE04EC0-301F-11D3-BF4B-00C04F79EFBC}") = "Garuda.Application.Common", "src\Core\Application\Garuda.Application.Common\Garuda.Application.Common.csproj", "{D4DA3FDC-9803-40D5-BEA8-33F5300BA923}"
EndProject
Project("{FAE04EC0-301F-11D3-BF4B-00C04F79EFBC}") = "Garuda.Domain.Common", "src\Core\Domain\Garuda.Domain.Common\Garuda.Domain.Common.csproj", "{08C4D1F0-62BA-4E0D-A79B-46286BEFADC9}"
EndProject
Project("{FAE04EC0-301F-11D3-BF4B-00C04F79EFBC}") = "Garuda.Repository.Common", "src\Core\Repository\Garuda.Repository.Common\Garuda.Repository.Common.csproj", "{7DD97534-D40C-4BFB-904C-546F0240C7F6}"
EndProject
Project("{FAE04EC0-301F-11D3-BF4B-00C04F79EFBC}") = "Garuda.Providers.Auth.Abstract", "src\Providers\Auth\Garuda.Providers.Auth.Abstract\Garuda.Providers.Auth.Abstract.csproj", "{E6CA017C-FED9-4CFA-BA03-23C5B925A985}"
EndProject
Project("{FAE04EC0-301F-11D3-BF4B-00C04F79EFBC}") = "Garuda.Providers.Auth.Ldap", "src\Providers\Auth\Garuda.Providers.Auth.Ldap\Garuda.Providers.Auth.Ldap.csproj", "{E7F5541D-EAAE-4BE5-8765-1F646C506D10}"
EndProject
Project("{2150E333-8FDC-42A3-9474-1A3956D46DE8}") = "test", "test", "{1E23CAC9-A7DD-4BCB-A83C-47DCA79F0BFF}"
EndProject
Project("{2150E333-8FDC-42A3-9474-1A3956D46DE8}") = "Core", "Core", "{1F663DFA-DE7E-4C8D-9924-21954A0D5D5D}"
EndProject
Project("{2150E333-8FDC-42A3-9474-1A3956D46DE8}") = "Presentation", "Presentation", "{46D1D9DD-7844-456B-A33E-3E602DA73B5F}"
EndProject
Project("{2150E333-8FDC-42A3-9474-1A3956D46DE8}") = "Providers", "Providers", "{359C111A-A7A0-4CD2-A84D-CD2465908751}"
EndProject
Project("{2150E333-8FDC-42A3-9474-1A3956D46DE8}") = "Application", "Application", "{02785AA2-C7A3-4D55-8EFA-F4CA311D201B}"
EndProject
Project("{2150E333-8FDC-42A3-9474-1A3956D46DE8}") = "Domain", "Domain", "{40AC9776-AAF8-4F86-B6DC-B69A35392B1A}"
EndProject
Project("{2150E333-8FDC-42A3-9474-1A3956D46DE8}") = "Repositories", "Repositories", "{A85DE292-0722-4E03-B610-352D7E18EE21}"
EndProject
Project("{2150E333-8FDC-42A3-9474-1A3956D46DE8}") = "Auth", "Auth", "{AA1E7E31-1CEE-4031-BD0B-21CC86E6D5D2}"
EndProject
Project("{2150E333-8FDC-42A3-9474-1A3956D46DE8}") = "Mails", "Mails", "{45A73C10-62A8-40AF-8AF9-5D21FC0796B6}"
EndProject
Project("{2150E333-8FDC-42A3-9474-1A3956D46DE8}") = "FileStorages", "FileStorages", "{D2EB5986-C104-4E3E-A0CC-DFBD5DB217A5}"
EndProject
Project("{FAE04EC0-301F-11D3-BF4B-00C04F79EFBC}") = "Garuda.Application.Common.Test", "test\Core\Application\Garuda.Application.Common.Test\Garuda.Application.Common.Test.csproj", "{89C8AC1C-16FF-48BE-AE41-1404A9F3C893}"
EndProject
Project("{FAE04EC0-301F-11D3-BF4B-00C04F79EFBC}") = "Garuda.Repository.Common.Test", "test\Core\Repositories\Garuda.Repository.Common.Test\Garuda.Repository.Common.Test.csproj", "{6CC58E73-4D4E-42EB-8F44-360E1DFF96E2}"
EndProject
Project("{2150E333-8FDC-42A3-9474-1A3956D46DE8}") = "cli", "cli", "{83A50DD4-7C1D-48E6-AA8E-0CF31290C0C9}"
EndProject
Project("{FAE04EC0-301F-11D3-BF4B-00C04F79EFBC}") = "CLIGenerator", "cli\CLIGenerator\CLIGenerator.csproj", "{FE9846E0-C86E-4DE5-A616-59A6C76953EC}"
EndProject
Project("{FAE04EC0-301F-11D3-BF4B-00C04F79EFBC}") = "Garuda.Presentation.Common", "src\Presentation\Garuda.Presentation.Common\Garuda.Presentation.Common.csproj", "{73364B53-2ED9-41CF-8605-4EACB7E0D913}"
EndProject
Project("{FAE04EC0-301F-11D3-BF4B-00C04F79EFBC}") = "Garuda.Persistences.Abstract", "src\Persistences\Garuda.Persistences.Abstract\Garuda.Persistences.Abstract.csproj", "{EA05DA81-E430-44C9-A6D5-C25DF16C9047}"
EndProject
Project("{FAE04EC0-301F-11D3-BF4B-00C04F79EFBC}") = "Garuda.Persistences.Framework", "src\Persistences\Garuda.Persistences.Framework\Garuda.Persistences.Framework.csproj", "{77D082A5-AE8D-4862-A405-78AB264340EC}"
EndProject
Project("{FAE04EC0-301F-11D3-BF4B-00C04F79EFBC}") = "Garuda.Persistences.MsSql", "src\Persistences\Garuda.Persistences.MsSql\Garuda.Persistences.MsSql.csproj", "{8EE603BF-11B4-44F0-BABA-FCB8A2DD35A4}"
EndProject
Global
	GlobalSection(SolutionConfigurationPlatforms) = preSolution
		Debug|Any CPU = Debug|Any CPU
		Release|Any CPU = Release|Any CPU
	EndGlobalSection
	GlobalSection(ProjectConfigurationPlatforms) = postSolution
		{C4473B69-224C-4D54-8C5B-47B941E66582}.Debug|Any CPU.ActiveCfg = Debug|Any CPU
		{C4473B69-224C-4D54-8C5B-47B941E66582}.Debug|Any CPU.Build.0 = Debug|Any CPU
		{C4473B69-224C-4D54-8C5B-47B941E66582}.Release|Any CPU.ActiveCfg = Release|Any CPU
		{C4473B69-224C-4D54-8C5B-47B941E66582}.Release|Any CPU.Build.0 = Release|Any CPU
		{C83CFF70-95DD-4D2F-BB7C-33D2BEE3886F}.Debug|Any CPU.ActiveCfg = Debug|Any CPU
		{C83CFF70-95DD-4D2F-BB7C-33D2BEE3886F}.Debug|Any CPU.Build.0 = Debug|Any CPU
		{C83CFF70-95DD-4D2F-BB7C-33D2BEE3886F}.Release|Any CPU.ActiveCfg = Release|Any CPU
		{C83CFF70-95DD-4D2F-BB7C-33D2BEE3886F}.Release|Any CPU.Build.0 = Release|Any CPU
		{AFFF0211-7962-4F4F-A9B1-F53D2CD36B02}.Debug|Any CPU.ActiveCfg = Debug|Any CPU
		{AFFF0211-7962-4F4F-A9B1-F53D2CD36B02}.Debug|Any CPU.Build.0 = Debug|Any CPU
		{AFFF0211-7962-4F4F-A9B1-F53D2CD36B02}.Release|Any CPU.ActiveCfg = Release|Any CPU
		{AFFF0211-7962-4F4F-A9B1-F53D2CD36B02}.Release|Any CPU.Build.0 = Release|Any CPU
		{D4DA3FDC-9803-40D5-BEA8-33F5300BA923}.Debug|Any CPU.ActiveCfg = Debug|Any CPU
		{D4DA3FDC-9803-40D5-BEA8-33F5300BA923}.Debug|Any CPU.Build.0 = Debug|Any CPU
		{D4DA3FDC-9803-40D5-BEA8-33F5300BA923}.Release|Any CPU.ActiveCfg = Release|Any CPU
		{D4DA3FDC-9803-40D5-BEA8-33F5300BA923}.Release|Any CPU.Build.0 = Release|Any CPU
		{08C4D1F0-62BA-4E0D-A79B-46286BEFADC9}.Debug|Any CPU.ActiveCfg = Debug|Any CPU
		{08C4D1F0-62BA-4E0D-A79B-46286BEFADC9}.Debug|Any CPU.Build.0 = Debug|Any CPU
		{08C4D1F0-62BA-4E0D-A79B-46286BEFADC9}.Release|Any CPU.ActiveCfg = Release|Any CPU
		{08C4D1F0-62BA-4E0D-A79B-46286BEFADC9}.Release|Any CPU.Build.0 = Release|Any CPU
		{7DD97534-D40C-4BFB-904C-546F0240C7F6}.Debug|Any CPU.ActiveCfg = Debug|Any CPU
		{7DD97534-D40C-4BFB-904C-546F0240C7F6}.Debug|Any CPU.Build.0 = Debug|Any CPU
		{7DD97534-D40C-4BFB-904C-546F0240C7F6}.Release|Any CPU.ActiveCfg = Release|Any CPU
		{7DD97534-D40C-4BFB-904C-546F0240C7F6}.Release|Any CPU.Build.0 = Release|Any CPU
		{E6CA017C-FED9-4CFA-BA03-23C5B925A985}.Debug|Any CPU.ActiveCfg = Debug|Any CPU
		{E6CA017C-FED9-4CFA-BA03-23C5B925A985}.Debug|Any CPU.Build.0 = Debug|Any CPU
		{E6CA017C-FED9-4CFA-BA03-23C5B925A985}.Release|Any CPU.ActiveCfg = Release|Any CPU
		{E6CA017C-FED9-4CFA-BA03-23C5B925A985}.Release|Any CPU.Build.0 = Release|Any CPU
		{E7F5541D-EAAE-4BE5-8765-1F646C506D10}.Debug|Any CPU.ActiveCfg = Debug|Any CPU
		{E7F5541D-EAAE-4BE5-8765-1F646C506D10}.Debug|Any CPU.Build.0 = Debug|Any CPU
		{E7F5541D-EAAE-4BE5-8765-1F646C506D10}.Release|Any CPU.ActiveCfg = Release|Any CPU
		{E7F5541D-EAAE-4BE5-8765-1F646C506D10}.Release|Any CPU.Build.0 = Release|Any CPU
		{89C8AC1C-16FF-48BE-AE41-1404A9F3C893}.Debug|Any CPU.ActiveCfg = Debug|Any CPU
		{89C8AC1C-16FF-48BE-AE41-1404A9F3C893}.Debug|Any CPU.Build.0 = Debug|Any CPU
		{89C8AC1C-16FF-48BE-AE41-1404A9F3C893}.Release|Any CPU.ActiveCfg = Release|Any CPU
		{89C8AC1C-16FF-48BE-AE41-1404A9F3C893}.Release|Any CPU.Build.0 = Release|Any CPU
		{6CC58E73-4D4E-42EB-8F44-360E1DFF96E2}.Debug|Any CPU.ActiveCfg = Debug|Any CPU
		{6CC58E73-4D4E-42EB-8F44-360E1DFF96E2}.Debug|Any CPU.Build.0 = Debug|Any CPU
		{6CC58E73-4D4E-42EB-8F44-360E1DFF96E2}.Release|Any CPU.ActiveCfg = Release|Any CPU
		{6CC58E73-4D4E-42EB-8F44-360E1DFF96E2}.Release|Any CPU.Build.0 = Release|Any CPU
		{FE9846E0-C86E-4DE5-A616-59A6C76953EC}.Debug|Any CPU.ActiveCfg = Debug|Any CPU
		{FE9846E0-C86E-4DE5-A616-59A6C76953EC}.Debug|Any CPU.Build.0 = Debug|Any CPU
		{FE9846E0-C86E-4DE5-A616-59A6C76953EC}.Release|Any CPU.ActiveCfg = Release|Any CPU
		{FE9846E0-C86E-4DE5-A616-59A6C76953EC}.Release|Any CPU.Build.0 = Release|Any CPU
		{73364B53-2ED9-41CF-8605-4EACB7E0D913}.Debug|Any CPU.ActiveCfg = Debug|Any CPU
		{73364B53-2ED9-41CF-8605-4EACB7E0D913}.Debug|Any CPU.Build.0 = Debug|Any CPU
		{73364B53-2ED9-41CF-8605-4EACB7E0D913}.Release|Any CPU.ActiveCfg = Release|Any CPU
		{73364B53-2ED9-41CF-8605-4EACB7E0D913}.Release|Any CPU.Build.0 = Release|Any CPU
		{EA05DA81-E430-44C9-A6D5-C25DF16C9047}.Debug|Any CPU.ActiveCfg = Debug|Any CPU
		{EA05DA81-E430-44C9-A6D5-C25DF16C9047}.Debug|Any CPU.Build.0 = Debug|Any CPU
		{EA05DA81-E430-44C9-A6D5-C25DF16C9047}.Release|Any CPU.ActiveCfg = Release|Any CPU
		{EA05DA81-E430-44C9-A6D5-C25DF16C9047}.Release|Any CPU.Build.0 = Release|Any CPU
		{77D082A5-AE8D-4862-A405-78AB264340EC}.Debug|Any CPU.ActiveCfg = Debug|Any CPU
		{77D082A5-AE8D-4862-A405-78AB264340EC}.Debug|Any CPU.Build.0 = Debug|Any CPU
		{77D082A5-AE8D-4862-A405-78AB264340EC}.Release|Any CPU.ActiveCfg = Release|Any CPU
		{77D082A5-AE8D-4862-A405-78AB264340EC}.Release|Any CPU.Build.0 = Release|Any CPU
		{8EE603BF-11B4-44F0-BABA-FCB8A2DD35A4}.Debug|Any CPU.ActiveCfg = Debug|Any CPU
		{8EE603BF-11B4-44F0-BABA-FCB8A2DD35A4}.Debug|Any CPU.Build.0 = Debug|Any CPU
		{8EE603BF-11B4-44F0-BABA-FCB8A2DD35A4}.Release|Any CPU.ActiveCfg = Release|Any CPU
		{8EE603BF-11B4-44F0-BABA-FCB8A2DD35A4}.Release|Any CPU.Build.0 = Release|Any CPU
	EndGlobalSection
	GlobalSection(NestedProjects) = preSolution
		{DAA3291E-55FE-45FA-A3D5-664E3DED6FE1} = {BD6D2551-D855-4994-8482-6D81D33B1B16}
		{0E17472A-5F0F-41DB-AC98-E9AF0FFD7790} = {BD6D2551-D855-4994-8482-6D81D33B1B16}
		{DC2E7930-5C93-493E-B42E-4F1FFCE4EEDB} = {BD6D2551-D855-4994-8482-6D81D33B1B16}
		{C4473B69-224C-4D54-8C5B-47B941E66582} = {0E17472A-5F0F-41DB-AC98-E9AF0FFD7790}
		{C83CFF70-95DD-4D2F-BB7C-33D2BEE3886F} = {DC2E7930-5C93-493E-B42E-4F1FFCE4EEDB}
		{AFFF0211-7962-4F4F-A9B1-F53D2CD36B02} = {BD6D2551-D855-4994-8482-6D81D33B1B16}
		{47BAACD6-726A-40F0-AB3F-0E7CF9B25F83} = {BD6D2551-D855-4994-8482-6D81D33B1B16}
		{F09E8636-B47A-482D-8785-408AAA0F5B8C} = {47BAACD6-726A-40F0-AB3F-0E7CF9B25F83}
		{9DC6C38D-8380-4BE7-A03C-F264273C6D8C} = {47BAACD6-726A-40F0-AB3F-0E7CF9B25F83}
		{FA95279F-8669-4561-A525-A3B39C6BA4DF} = {BD6D2551-D855-4994-8482-6D81D33B1B16}
		{AF5693B3-0089-44AF-A347-7663464ED24B} = {47BAACD6-726A-40F0-AB3F-0E7CF9B25F83}
		{EE6B6F66-EB57-4051-82BA-0185245276C5} = {BD6D2551-D855-4994-8482-6D81D33B1B16}
		{44A1767A-D88D-4AD5-AE4C-AECC817FC8A1} = {EE6B6F66-EB57-4051-82BA-0185245276C5}
		{0FFA2490-95F4-42C2-927F-A45A819D2718} = {EE6B6F66-EB57-4051-82BA-0185245276C5}
		{232842EC-FABB-4E1B-8949-3C46C964408E} = {EE6B6F66-EB57-4051-82BA-0185245276C5}
		{D4DA3FDC-9803-40D5-BEA8-33F5300BA923} = {9DC6C38D-8380-4BE7-A03C-F264273C6D8C}
		{08C4D1F0-62BA-4E0D-A79B-46286BEFADC9} = {F09E8636-B47A-482D-8785-408AAA0F5B8C}
		{7DD97534-D40C-4BFB-904C-546F0240C7F6} = {AF5693B3-0089-44AF-A347-7663464ED24B}
		{E6CA017C-FED9-4CFA-BA03-23C5B925A985} = {44A1767A-D88D-4AD5-AE4C-AECC817FC8A1}
		{E7F5541D-EAAE-4BE5-8765-1F646C506D10} = {44A1767A-D88D-4AD5-AE4C-AECC817FC8A1}
		{1F663DFA-DE7E-4C8D-9924-21954A0D5D5D} = {1E23CAC9-A7DD-4BCB-A83C-47DCA79F0BFF}
		{46D1D9DD-7844-456B-A33E-3E602DA73B5F} = {1E23CAC9-A7DD-4BCB-A83C-47DCA79F0BFF}
		{359C111A-A7A0-4CD2-A84D-CD2465908751} = {1E23CAC9-A7DD-4BCB-A83C-47DCA79F0BFF}
		{02785AA2-C7A3-4D55-8EFA-F4CA311D201B} = {1F663DFA-DE7E-4C8D-9924-21954A0D5D5D}
		{40AC9776-AAF8-4F86-B6DC-B69A35392B1A} = {1F663DFA-DE7E-4C8D-9924-21954A0D5D5D}
		{A85DE292-0722-4E03-B610-352D7E18EE21} = {1F663DFA-DE7E-4C8D-9924-21954A0D5D5D}
		{AA1E7E31-1CEE-4031-BD0B-21CC86E6D5D2} = {359C111A-A7A0-4CD2-A84D-CD2465908751}
		{45A73C10-62A8-40AF-8AF9-5D21FC0796B6} = {359C111A-A7A0-4CD2-A84D-CD2465908751}
		{D2EB5986-C104-4E3E-A0CC-DFBD5DB217A5} = {359C111A-A7A0-4CD2-A84D-CD2465908751}
		{89C8AC1C-16FF-48BE-AE41-1404A9F3C893} = {02785AA2-C7A3-4D55-8EFA-F4CA311D201B}
		{6CC58E73-4D4E-42EB-8F44-360E1DFF96E2} = {A85DE292-0722-4E03-B610-352D7E18EE21}
		{FE9846E0-C86E-4DE5-A616-59A6C76953EC} = {83A50DD4-7C1D-48E6-AA8E-0CF31290C0C9}
		{73364B53-2ED9-41CF-8605-4EACB7E0D913} = {DAA3291E-55FE-45FA-A3D5-664E3DED6FE1}
		{EA05DA81-E430-44C9-A6D5-C25DF16C9047} = {FA95279F-8669-4561-A525-A3B39C6BA4DF}
		{77D082A5-AE8D-4862-A405-78AB264340EC} = {FA95279F-8669-4561-A525-A3B39C6BA4DF}
		{8EE603BF-11B4-44F0-BABA-FCB8A2DD35A4} = {FA95279F-8669-4561-A525-A3B39C6BA4DF}
	EndGlobalSection
EndGlobal
